<?xml version="1.0" encoding="utf-8"?>
<Project ToolsVersion="4.0" xmlns="http://schemas.microsoft.com/developer/msbuild/2003">
  <ItemGroup>
    <Filter Include="源文件">
      <UniqueIdentifier>{4FC737F1-C7A5-4376-A066-2A32D752A2FF}</UniqueIdentifier>
      <Extensions>cpp;c;cc;cxx;def;odl;idl;hpj;bat;asm;asmx</Extensions>
    </Filter>
    <Filter Include="头文件">
      <UniqueIdentifier>{93995380-89BD-4b04-88EB-625FBE52EBFB}</UniqueIdentifier>
      <Extensions>h;hh;hpp;hxx;hm;inl;inc;xsd</Extensions>
    </Filter>
    <Filter Include="资源文件">
      <UniqueIdentifier>{67DA6AB6-F800-4c08-8B7A-83BB121AAD01}</UniqueIdentifier>
      <Extensions>rc;ico;cur;bmp;dlg;rc2;rct;bin;rgs;gif;jpg;jpeg;jpe;resx;tiff;tif;png;wav;mfcribbon-ms</Extensions>
    </Filter>
    <Filter Include="头文件\UI">
      <UniqueIdentifier>{815b1b6a-b2bb-4dfa-8e2e-be179ed4c351}</UniqueIdentifier>
    </Filter>
    <Filter Include="源文件\UI">
      <UniqueIdentifier>{788fa4fe-77b5-4788-8be2-27b30f8bd8a9}</UniqueIdentifier>
    </Filter>
    <Filter Include="头文件\Resource">
      <UniqueIdentifier>{81ffab42-5887-404e-8ee5-815c045b6118}</UniqueIdentifier>
    </Filter>
    <Filter Include="头文件\Thread">
      <UniqueIdentifier>{479226a0-3b3f-4556-b67c-b17a13421570}</UniqueIdentifier>
    </Filter>
    <Filter Include="源文件\Resource">
      <UniqueIdentifier>{83364ce7-807f-4da7-80f8-818f4201fde7}</UniqueIdentifier>
    </Filter>
    <Filter Include="源文件\Thread">
      <UniqueIdentifier>{22457a33-bef7-46cc-968b-2b1a4ca73f40}</UniqueIdentifier>
    </Filter>
    <Filter Include="头文件\Loader">
      <UniqueIdentifier>{3a42d479-34f6-47f6-95cf-efb42a5af0c4}</UniqueIdentifier>
    </Filter>
  </ItemGroup>
  <ItemGroup>
    <ClInclude Include="XFramework.h">
      <Filter>头文件</Filter>
    </ClInclude>
    <ClInclude Include="XDirectX12.h">
      <Filter>头文件</Filter>
    </ClInclude>
    <ClInclude Include="UI\UIImgWindow.h">
      <Filter>头文件\UI</Filter>
    </ClInclude>
    <ClInclude Include="UI\UIManager.h">
      <Filter>头文件\UI</Filter>
    </ClInclude>
    <ClInclude Include="UI\UIWindow.h">
      <Filter>头文件\UI</Filter>
    </ClInclude>
    <ClInclude Include="Resource\XBuffer.h">
      <Filter>头文件\Resource</Filter>
    </ClInclude>
    <ClInclude Include="Resource\XBufferManager.h">
      <Filter>头文件\Resource</Filter>
    </ClInclude>
    <ClInclude Include="Resource\XFrameResource.h">
      <Filter>头文件\Resource</Filter>
    </ClInclude>
    <ClInclude Include="Resource\XGeometry.h">
      <Filter>头文件\Resource</Filter>
    </ClInclude>
    <ClInclude Include="Resource\XShader.h">
      <Filter>头文件\Resource</Filter>
    </ClInclude>
    <ClInclude Include="Thread\XResourceThread.h">
      <Filter>头文件\Thread</Filter>
    </ClInclude>
    <ClInclude Include="XTilebaseDeferredShading.h">
      <Filter>头文件</Filter>
    </ClInclude>
    <ClInclude Include="XEntity.h">
      <Filter>头文件</Filter>
    </ClInclude>
    <ClInclude Include="Loader\XBinLoader.h">
      <Filter>头文件\Loader</Filter>
    </ClInclude>
    <ClInclude Include="XCamera.h">
      <Filter>头文件</Filter>
    </ClInclude>
    <ClInclude Include="StepTimer.h">
      <Filter>头文件</Filter>
    </ClInclude>
  </ItemGroup>
  <ItemGroup>
    <ClCompile Include="XFramework.cpp">
      <Filter>源文件</Filter>
    </ClCompile>
    <ClCompile Include="XDirectX12.cpp">
      <Filter>源文件</Filter>
    </ClCompile>
    <ClCompile Include="UI\UIImgWindow.cpp">
      <Filter>源文件\UI</Filter>
    </ClCompile>
    <ClCompile Include="UI\UIManager.cpp">
      <Filter>源文件\UI</Filter>
    </ClCompile>
    <ClCompile Include="UI\UIWindow.cpp">
      <Filter>源文件\UI</Filter>
    </ClCompile>
    <ClCompile Include="Resource\XBuffer.cpp">
      <Filter>源文件\Resource</Filter>
    </ClCompile>
    <ClCompile Include="Resource\XBufferManager.cpp">
      <Filter>源文件\Resource</Filter>
    </ClCompile>
    <ClCompile Include="Resource\XGeometry.cpp">
      <Filter>源文件\Resource</Filter>
    </ClCompile>
    <ClCompile Include="Resource\XShader.cpp">
      <Filter>源文件\Resource</Filter>
    </ClCompile>
    <ClCompile Include="Thread\XResourceThread.cpp">
      <Filter>源文件\Thread</Filter>
    </ClCompile>
    <ClCompile Include="Resource\XFrameResource.cpp">
      <Filter>源文件\Resource</Filter>
    </ClCompile>
    <ClCompile Include="XTilebaseDeferredShading.cpp">
      <Filter>源文件</Filter>
    </ClCompile>
    <ClCompile Include="XEntity.cpp">
      <Filter>源文件</Filter>
    </ClCompile>
    <ClCompile Include="XCamera.cpp">
      <Filter>源文件</Filter>
    </ClCompile>
  </ItemGroup>
</Project>