<?xml version="1.0" encoding="utf-8"?>
<Project ToolsVersion="4.0" xmlns="http://schemas.microsoft.com/developer/msbuild/2003">
  <ItemGroup>
    <Filter Include="源文件">
      <UniqueIdentifier>{4FC737F1-C7A5-4376-A066-2A32D752A2FF}</UniqueIdentifier>
      <Extensions>cpp;c;cc;cxx;def;odl;idl;hpj;bat;asm;asmx</Extensions>
    </Filter>
    <Filter Include="头文件">
      <UniqueIdentifier>{93995380-89BD-4b04-88EB-625FBE52EBFB}</UniqueIdentifier>
      <Extensions>h;hh;hpp;hxx;hm;inl;inc;xsd</Extensions>
    </Filter>
    <Filter Include="资源文件">
      <UniqueIdentifier>{67DA6AB6-F800-4c08-8B7A-83BB121AAD01}</UniqueIdentifier>
      <Extensions>rc;ico;cur;bmp;dlg;rc2;rct;bin;rgs;gif;jpg;jpeg;jpe;resx;tiff;tif;png;wav;mfcribbon-ms</Extensions>
    </Filter>
    <Filter Include="头文件\UI">
      <UniqueIdentifier>{815b1b6a-b2bb-4dfa-8e2e-be179ed4c351}</UniqueIdentifier>
    </Filter>
    <Filter Include="源文件\UI">
      <UniqueIdentifier>{788fa4fe-77b5-4788-8be2-27b30f8bd8a9}</UniqueIdentifier>
    </Filter>
    <Filter Include="头文件\Resource">
      <UniqueIdentifier>{81ffab42-5887-404e-8ee5-815c045b6118}</UniqueIdentifier>
    </Filter>
    <Filter Include="头文件\Thread">
      <UniqueIdentifier>{479226a0-3b3f-4556-b67c-b17a13421570}</UniqueIdentifier>
    </Filter>
    <Filter Include="源文件\Resource">
      <UniqueIdentifier>{83364ce7-807f-4da7-80f8-818f4201fde7}</UniqueIdentifier>
    </Filter>
    <Filter Include="源文件\Thread">
      <UniqueIdentifier>{22457a33-bef7-46cc-968b-2b1a4ca73f40}</UniqueIdentifier>
    </Filter>
    <Filter Include="头文件\Loader">
      <UniqueIdentifier>{3a42d479-34f6-47f6-95cf-efb42a5af0c4}</UniqueIdentifier>
    </Filter>
    <Filter Include="源文件\Loader">
      <UniqueIdentifier>{1dba8114-89aa-4031-bf4f-a8ad3321f3f6}</UniqueIdentifier>
    </Filter>
    <Filter Include="头文件\Resource\Helper">
      <UniqueIdentifier>{7d573a9a-83ca-4690-b8b3-1220b3dfbac0}</UniqueIdentifier>
    </Filter>
    <Filter Include="源文件\Resource\Helper">
      <UniqueIdentifier>{bf31d37b-fc8c-4df4-a883-790ae03c3418}</UniqueIdentifier>
    </Filter>
    <Filter Include="头文件\Instance">
      <UniqueIdentifier>{94b305cd-c7f3-44d7-818b-5f0c5615e60d}</UniqueIdentifier>
    </Filter>
    <Filter Include="头文件\SceneGraph">
      <UniqueIdentifier>{25ffe4c2-630d-400a-bbe9-f604ddc98755}</UniqueIdentifier>
    </Filter>
    <Filter Include="源文件\Instance">
      <UniqueIdentifier>{b2973df7-fc5a-4320-a225-43b1329b66be}</UniqueIdentifier>
    </Filter>
    <Filter Include="源文件\SceneGraph">
      <UniqueIdentifier>{a9aa44d1-f01c-47f7-a4cd-4ba3c7d8bf2d}</UniqueIdentifier>
    </Filter>
    <Filter Include="头文件\AntiAliased">
      <UniqueIdentifier>{0b4e38f1-1d37-4c55-8fd0-2fb1b0e7d7b3}</UniqueIdentifier>
    </Filter>
    <Filter Include="源文件\AntiAliased">
      <UniqueIdentifier>{8988895e-eae7-4047-81cf-c01c6e30b282}</UniqueIdentifier>
    </Filter>
    <Filter Include="资源文件\hlsl">
      <UniqueIdentifier>{2bf073b9-be3b-4de3-b35c-f21e5184fc9a}</UniqueIdentifier>
    </Filter>
  </ItemGroup>
  <ItemGroup>
    <ClInclude Include="XFramework.h">
      <Filter>头文件</Filter>
    </ClInclude>
    <ClInclude Include="XDirectX12.h">
      <Filter>头文件</Filter>
    </ClInclude>
    <ClInclude Include="UI\UIImgWindow.h">
      <Filter>头文件\UI</Filter>
    </ClInclude>
    <ClInclude Include="UI\UIManager.h">
      <Filter>头文件\UI</Filter>
    </ClInclude>
    <ClInclude Include="UI\UIWindow.h">
      <Filter>头文件\UI</Filter>
    </ClInclude>
    <ClInclude Include="Resource\XBuffer.h">
      <Filter>头文件\Resource</Filter>
    </ClInclude>
    <ClInclude Include="Resource\XFrameResource.h">
      <Filter>头文件\Resource</Filter>
    </ClInclude>
    <ClInclude Include="Resource\XGeometry.h">
      <Filter>头文件\Resource</Filter>
    </ClInclude>
    <ClInclude Include="Resource\XShader.h">
      <Filter>头文件\Resource</Filter>
    </ClInclude>
    <ClInclude Include="Thread\XResourceThread.h">
      <Filter>头文件\Thread</Filter>
    </ClInclude>
    <ClInclude Include="Loader\XBinLoader.h">
      <Filter>头文件\Loader</Filter>
    </ClInclude>
    <ClInclude Include="StepTimer.h">
      <Filter>头文件</Filter>
    </ClInclude>
    <ClInclude Include="Resource\XTexture.h">
      <Filter>头文件\Resource</Filter>
    </ClInclude>
    <ClInclude Include="XHDR.h">
      <Filter>头文件</Filter>
    </ClInclude>
    <ClInclude Include="Resource\dds.h">
      <Filter>头文件\Resource\Helper</Filter>
    </ClInclude>
    <ClInclude Include="Resource\DDSTextureLoader.h">
      <Filter>头文件\Resource\Helper</Filter>
    </ClInclude>
    <ClInclude Include="Resource\DirectXHelpers.h">
      <Filter>头文件\Resource\Helper</Filter>
    </ClInclude>
    <ClInclude Include="Resource\LoaderHelpers.h">
      <Filter>头文件\Resource\Helper</Filter>
    </ClInclude>
    <ClInclude Include="Resource\pch.h">
      <Filter>头文件\Resource\Helper</Filter>
    </ClInclude>
    <ClInclude Include="Resource\PlatformHelpers.h">
      <Filter>头文件\Resource\Helper</Filter>
    </ClInclude>
    <ClInclude Include="Resource\ResourceUploadBatch.h">
      <Filter>头文件\Resource\Helper</Filter>
    </ClInclude>
    <ClInclude Include="Resource\XResource.h">
      <Filter>头文件\Resource</Filter>
    </ClInclude>
    <ClInclude Include="XAlphaRender.h">
      <Filter>头文件</Filter>
    </ClInclude>
    <ClInclude Include="XDeferredShading.h">
      <Filter>头文件</Filter>
    </ClInclude>
    <ClInclude Include="Loader\XObjLoader.h">
      <Filter>头文件\Loader</Filter>
    </ClInclude>
    <ClInclude Include="Instance\XEntity.h">
      <Filter>头文件\Instance</Filter>
    </ClInclude>
    <ClInclude Include="SceneGraph\XNode.h">
      <Filter>头文件\SceneGraph</Filter>
    </ClInclude>
    <ClInclude Include="SceneGraph\XSceneGraph.h">
      <Filter>头文件\SceneGraph</Filter>
    </ClInclude>
    <ClInclude Include="AntiAliased\XSMAA.h">
      <Filter>头文件\AntiAliased</Filter>
    </ClInclude>
    <ClInclude Include="Instance\XCamera.h">
      <Filter>头文件\Instance</Filter>
    </ClInclude>
    <ClInclude Include="Instance\XSkyBox.h">
      <Filter>头文件\Instance</Filter>
    </ClInclude>
    <ClInclude Include="XScreenSpaceReflection.h">
      <Filter>头文件</Filter>
    </ClInclude>
  </ItemGroup>
  <ItemGroup>
    <ClCompile Include="XFramework.cpp">
      <Filter>源文件</Filter>
    </ClCompile>
    <ClCompile Include="XDirectX12.cpp">
      <Filter>源文件</Filter>
    </ClCompile>
    <ClCompile Include="UI\UIImgWindow.cpp">
      <Filter>源文件\UI</Filter>
    </ClCompile>
    <ClCompile Include="UI\UIManager.cpp">
      <Filter>源文件\UI</Filter>
    </ClCompile>
    <ClCompile Include="UI\UIWindow.cpp">
      <Filter>源文件\UI</Filter>
    </ClCompile>
    <ClCompile Include="Resource\XBuffer.cpp">
      <Filter>源文件\Resource</Filter>
    </ClCompile>
    <ClCompile Include="Resource\XGeometry.cpp">
      <Filter>源文件\Resource</Filter>
    </ClCompile>
    <ClCompile Include="Resource\XShader.cpp">
      <Filter>源文件\Resource</Filter>
    </ClCompile>
    <ClCompile Include="Thread\XResourceThread.cpp">
      <Filter>源文件\Thread</Filter>
    </ClCompile>
    <ClCompile Include="Resource\XFrameResource.cpp">
      <Filter>源文件\Resource</Filter>
    </ClCompile>
    <ClCompile Include="Resource\XTexture.cpp">
      <Filter>源文件\Resource</Filter>
    </ClCompile>
    <ClCompile Include="Loader\XBinLoader.cpp">
      <Filter>源文件\Loader</Filter>
    </ClCompile>
    <ClCompile Include="XHDR.cpp">
      <Filter>源文件</Filter>
    </ClCompile>
    <ClCompile Include="Resource\ResourceUploadBatch.cpp">
      <Filter>源文件\Resource\Helper</Filter>
    </ClCompile>
    <ClCompile Include="Resource\DDSTextureLoader.cpp">
      <Filter>源文件\Resource\Helper</Filter>
    </ClCompile>
    <ClCompile Include="XAlphaRender.cpp">
      <Filter>源文件</Filter>
    </ClCompile>
    <ClCompile Include="XDeferredShading.cpp">
      <Filter>源文件</Filter>
    </ClCompile>
    <ClCompile Include="Loader\XObjLoader.cpp">
      <Filter>源文件\Loader</Filter>
    </ClCompile>
    <ClCompile Include="Instance\XEntity.cpp">
      <Filter>源文件\Instance</Filter>
    </ClCompile>
    <ClCompile Include="SceneGraph\XNode.cpp">
      <Filter>源文件\SceneGraph</Filter>
    </ClCompile>
    <ClCompile Include="SceneGraph\XSceneGraph.cpp">
      <Filter>源文件\SceneGraph</Filter>
    </ClCompile>
    <ClCompile Include="AntiAliased\XSMAA.cpp">
      <Filter>源文件\AntiAliased</Filter>
    </ClCompile>
    <ClCompile Include="Instance\XCamera.cpp">
      <Filter>源文件\Instance</Filter>
    </ClCompile>
    <ClCompile Include="Instance\XSkyBox.cpp">
      <Filter>源文件\Instance</Filter>
    </ClCompile>
    <ClCompile Include="XScreenSpaceReflection.cpp">
      <Filter>源文件</Filter>
    </ClCompile>
  </ItemGroup>
</Project>